
Microsoft Visual Studio Solution File, Format Version 12.00
# Visual Studio 15
VisualStudioVersion = 15.0.35213.121
MinimumVisualStudioVersion = 10.0.40219.1
Project("{FAE04EC0-301F-11D3-BF4B-00C04F79EFBC}") = "araç kiralama", "araç kiralama\araç kiralama.csproj", "{73BF151C-2342-4981-9DFD-99B7EFF06DFE}"
EndProject
Global
	GlobalSection(SolutionConfigurationPlatforms) = preSolution
		Debug|Any CPU = Debug|Any CPU
		Release|Any CPU = Release|Any CPU
	EndGlobalSection
	GlobalSection(ProjectConfigurationPlatforms) = postSolution
		{73BF151C-2342-4981-9DFD-99B7EFF06DFE}.Debug|Any CPU.ActiveCfg = Debug|Any CPU
		{73BF151C-2342-4981-9DFD-99B7EFF06DFE}.Debug|Any CPU.Build.0 = Debug|Any CPU
		{73BF151C-2342-4981-9DFD-99B7EFF06DFE}.Release|Any CPU.ActiveCfg = Release|Any CPU
		{73BF151C-2342-4981-9DFD-99B7EFF06DFE}.Release|Any CPU.Build.0 = Release|Any CPU
	EndGlobalSection
	GlobalSection(SolutionProperties) = preSolution
		HideSolutionNode = FALSE
	EndGlobalSection
	GlobalSection(ExtensibilityGlobals) = postSolution
		SolutionGuid = {7113FFEA-A90D-42A6-9606-52D5829F4F50}
	EndGlobalSection
EndGlobal
